<Solution>
  <Folder Name="/tests/">
    <Project Path="tests/FpmlToolKit.Tests/FpmlToolKit.Tests.csproj" />
  </Folder>
  <Project Path="fpml-4-0/fpml-4-0.csproj" />
  <Project Path="fpml-4-1/fpml-4-1.csproj" />
  <Project Path="fpml-4-2/fpml-4-2.csproj" />
  <Project Path="fpml-4-3/fpml-4-3.csproj" />
  <Project Path="fpml-4-4/fpml-4-4.csproj" />
  <Project Path="fpml-4-5/fpml-4-5.csproj" />
  <Project Path="fpml-4-6/fpml-4-6.csproj" />
  <Project Path="fpml-4-7/fpml-4-7.csproj" />
  <Project Path="fpml-4-8/fpml-4-8.csproj" />
  <Project Path="fpml-4-9/fpml-4-9.csproj" />
  <Project Path="fpml-5-0-confirmation/fpml-5-0-confirmation.csproj" />
  <Project Path="fpml-5-0-reporting/fpml-5-0-reporting.csproj" />
  <Project Path="fpml-5-1-confirmation/fpml-5-1-confirmation.csproj" />
  <Project Path="fpml-5-1-reporting/fpml-5-1-reporting.csproj" />
  <Project Path="fpml-5-10-confirmation/fpml-5-10-confirmation.csproj" />
  <Project Path="fpml-5-10-legal/fpml-5-10-legal.csproj" />
  <Project Path="fpml-5-10-pretrade/fpml-5-10-pretrade.csproj" />
  <Project Path="fpml-5-10-recordkeeping/fpml-5-10-recordkeeping.csproj" />
  <Project Path="fpml-5-10-reporting/fpml-5-10-reporting.csproj" />
  <Project Path="fpml-5-10-transparency/fpml-5-10-transparency.csproj" />
  <Project Path="fpml-5-11-confirmation/fpml-5-11-confirmation.csproj" />
  <Project Path="fpml-5-11-legal/fpml-5-11-legal.csproj" />
  <Project Path="fpml-5-11-pretrade/fpml-5-11-pretrade.csproj" />
  <Project Path="fpml-5-11-recordkeeping/fpml-5-11-recordkeeping.csproj" />
  <Project Path="fpml-5-11-reporting/fpml-5-11-reporting.csproj" />
  <Project Path="fpml-5-11-transparency/fpml-5-11-transparency.csproj" />
  <Project Path="fpml-5-12-confirmation/fpml-5-12-confirmation.csproj" />
  <Project Path="fpml-5-12-legal/fpml-5-12-legal.csproj" />
  <Project Path="fpml-5-12-pretrade/fpml-5-12-pretrade.csproj" />
  <Project Path="fpml-5-12-recordkeeping/fpml-5-12-recordkeeping.csproj" />
  <Project Path="fpml-5-12-reporting/fpml-5-12-reporting.csproj" />
  <Project Path="fpml-5-12-transparency/fpml-5-12-transparency.csproj" />
  <Project Path="fpml-5-13-confirmation/fpml-5-13-confirmation.csproj" />
  <Project Path="fpml-5-13-legal/fpml-5-13-legal.csproj" />
  <Project Path="fpml-5-13-pretrade/fpml-5-13-pretrade.csproj" />
  <Project Path="fpml-5-13-recordkeeping/fpml-5-13-recordkeeping.csproj" />
  <Project Path="fpml-5-13-reporting/fpml-5-13-reporting.csproj" />
  <Project Path="fpml-5-13-transparency/fpml-5-13-transparency.csproj" />
  <Project Path="fpml-5-2-confirmation/fpml-5-2-confirmation.csproj" />
  <Project Path="fpml-5-2-reporting/fpml-5-2-reporting.csproj" />
  <Project Path="fpml-5-3-confirmation/fpml-5-3-confirmation.csproj" />
  <Project Path="fpml-5-3-recordkeeping/fpml-5-3-recordkeeping.csproj" />
  <Project Path="fpml-5-3-reporting/fpml-5-3-reporting.csproj" />
  <Project Path="fpml-5-3-transparency/fpml-5-3-transparency.csproj" />
  <Project Path="fpml-5-4-confirmation/fpml-5-4-confirmation.csproj" />
  <Project Path="fpml-5-4-recordkeeping/fpml-5-4-recordkeeping.csproj" />
  <Project Path="fpml-5-4-reporting/fpml-5-4-reporting.csproj" />
  <Project Path="fpml-5-4-transparency/fpml-5-4-transparency.csproj" />
  <Project Path="fpml-5-5-confirmation/fpml-5-5-confirmation.csproj" />
  <Project Path="fpml-5-5-pretrade/fpml-5-5-pretrade.csproj" />
  <Project Path="fpml-5-5-recordkeeping/fpml-5-5-recordkeeping.csproj" />
  <Project Path="fpml-5-5-reporting/fpml-5-5-reporting.csproj" />
  <Project Path="fpml-5-5-transparency/fpml-5-5-transparency.csproj" />
  <Project Path="fpml-5-6-confirmation/fpml-5-6-confirmation.csproj" />
  <Project Path="fpml-5-6-pretrade/fpml-5-6-pretrade.csproj" />
  <Project Path="fpml-5-6-recordkeeping/fpml-5-6-recordkeeping.csproj" />
  <Project Path="fpml-5-6-reporting/fpml-5-6-reporting.csproj" />
  <Project Path="fpml-5-6-transparency/fpml-5-6-transparency.csproj" />
  <Project Path="fpml-5-7-confirmation/fpml-5-7-confirmation.csproj" />
  <Project Path="fpml-5-7-legal/fpml-5-7-legal.csproj" />
  <Project Path="fpml-5-7-pretrade/fpml-5-7-pretrade.csproj" />
  <Project Path="fpml-5-7-recordkeeping/fpml-5-7-recordkeeping.csproj" />
  <Project Path="fpml-5-7-reporting/fpml-5-7-reporting.csproj" />
  <Project Path="fpml-5-7-transparency/fpml-5-7-transparency.csproj" />
  <Project Path="fpml-5-8-confirmation/fpml-5-8-confirmation.csproj" />
  <Project Path="fpml-5-8-legal/fpml-5-8-legal.csproj" />
  <Project Path="fpml-5-8-pretrade/fpml-5-8-pretrade.csproj" />
  <Project Path="fpml-5-8-recordkeeping/fpml-5-8-recordkeeping.csproj" />
  <Project Path="fpml-5-8-reporting/fpml-5-8-reporting.csproj" />
  <Project Path="fpml-5-9-confirmation/fpml-5-9-confirmation.csproj" />
  <Project Path="fpml-5-9-legal/fpml-5-9-legal.csproj" />
  <Project Path="fpml-5-9-pretrade/fpml-5-9-pretrade.csproj" />
  <Project Path="fpml-5-9-recordkeeping/fpml-5-9-recordkeeping.csproj" />
  <Project Path="fpml-5-9-reporting/fpml-5-9-reporting.csproj" />
  <Project Path="fpml-5-9-transparency/fpml-5-9-transparency.csproj" />
</Solution>
